
Microsoft Visual Studio Solution File, Format Version 12.00
# Visual Studio 15
VisualStudioVersion = 15.0.28307.421
MinimumVisualStudioVersion = 10.0.40219.1
Project("{FAE04EC0-301F-11D3-BF4B-00C04F79EFBC}") = "SynoCtrl", "SynoCtrl\SynoCtrl.csproj", "{63AF7204-4689-4BBE-A802-2EB5BA18E338}"
EndProject
Global
	GlobalSection(SolutionConfigurationPlatforms) = preSolution
		Debug|Any CPU = Debug|Any CPU
		Release|Any CPU = Release|Any CPU
	EndGlobalSection
	GlobalSection(ProjectConfigurationPlatforms) = postSolution
		{63AF7204-4689-4BBE-A802-2EB5BA18E338}.Debug|Any CPU.ActiveCfg = Debug|Any CPU
		{63AF7204-4689-4BBE-A802-2EB5BA18E338}.Debug|Any CPU.Build.0 = Debug|Any CPU
		{63AF7204-4689-4BBE-A802-2EB5BA18E338}.Release|Any CPU.ActiveCfg = Release|Any CPU
		{63AF7204-4689-4BBE-A802-2EB5BA18E338}.Release|Any CPU.Build.0 = Release|Any CPU
	EndGlobalSection
	GlobalSection(SolutionProperties) = preSolution
		HideSolutionNode = FALSE
	EndGlobalSection
	GlobalSection(ExtensibilityGlobals) = postSolution
		SolutionGuid = {15E7937D-D6D1-4FD2-83A9-A96E7DF4FF69}
	EndGlobalSection
EndGlobal
